{
  "originHash" : "53406e3e316d791edc742e217446e8f41c1760e6e72b5e03eb84d421623d6470",
  "pins" : [
    {
      "identity" : "acarousel",
      "kind" : "remoteSourceControl",
      "location" : "https://github.com/JWAutumn/ACarousel.git",
      "state" : {
        "revision" : "8a322513580f21288fd87eb3a1341c247b3e2a76",
        "version" : "0.2.0"
      }
    },
    {
      "identity" : "realm-core",
      "kind" : "remoteSourceControl",
      "location" : "https://github.com/realm/realm-core.git",
      "state" : {
        "revision" : "058ecce712b4be8b2a2384ed893bf83d56a49fc0",
        "version" : "14.10.1"
      }
    },
    {
      "identity" : "realm-swift",
      "kind" : "remoteSourceControl",
      "location" : "https://github.com/realm/realm-swift.git",
      "state" : {
        "branch" : "master",
        "revision" : "e3258a29f1993bef4fe3d9be801c7f83dc40eef5"
      }
    }
  ],
  "version" : 3
}
