// !$*UTF8*$!
{
	archiveVersion = 1;
	classes = {
	};
	objectVersion = 56;
	objects = {

/* Begin PBXBuildFile section */
		E6071A3C2C1F886E00D69094 /* RadialGradientView.swift in Sources */ = {isa = PBXBuildFile; fileRef = E6071A3B2C1F886E00D69094 /* RadialGradientView.swift */; };
		E614E62C2C1F9A4500745493 /* YourTracksView.swift in Sources */ = {isa = PBXBuildFile; fileRef = E614E62B2C1F9A4500745493 /* YourTracksView.swift */; };
		E614E62E2C1FBB6F00745493 /* RecentView.swift in Sources */ = {isa = PBXBuildFile; fileRef = E614E62D2C1FBB6F00745493 /* RecentView.swift */; };
		E614E6302C20668200745493 /* TrackCellView.swift in Sources */ = {isa = PBXBuildFile; fileRef = E614E62F2C20668200745493 /* TrackCellView.swift */; };
		E614E6332C2071DA00745493 /* ImportFileManager.swift in Sources */ = {isa = PBXBuildFile; fileRef = E614E6322C2071DA00745493 /* ImportFileManager.swift */; };
		E614E6382C2097D900745493 /* CustomizeNB + CustomizeTB.swift in Sources */ = {isa = PBXBuildFile; fileRef = E614E6372C2097D900745493 /* CustomizeNB + CustomizeTB.swift */; };
		E696336C2C1B793900769EFF /* ZMusicApp.swift in Sources */ = {isa = PBXBuildFile; fileRef = E696336B2C1B793900769EFF /* ZMusicApp.swift */; };
		E696336E2C1B793900769EFF /* ZMusicView.swift in Sources */ = {isa = PBXBuildFile; fileRef = E696336D2C1B793900769EFF /* ZMusicView.swift */; };
		E69633702C1B793B00769EFF /* Assets.xcassets in Resources */ = {isa = PBXBuildFile; fileRef = E696336F2C1B793B00769EFF /* Assets.xcassets */; };
		E69633732C1B793B00769EFF /* Preview Assets.xcassets in Resources */ = {isa = PBXBuildFile; fileRef = E69633722C1B793B00769EFF /* Preview Assets.xcassets */; };
		E696337F2C1B7A0B00769EFF /* YourTracksViewModel.swift in Sources */ = {isa = PBXBuildFile; fileRef = E696337E2C1B7A0B00769EFF /* YourTracksViewModel.swift */; };
		E69633812C1B7A2800769EFF /* Track.swift in Sources */ = {isa = PBXBuildFile; fileRef = E69633802C1B7A2800769EFF /* Track.swift */; };
		E69633852C1BAE8600769EFF /* PlayList.swift in Sources */ = {isa = PBXBuildFile; fileRef = E69633842C1BAE8600769EFF /* PlayList.swift */; };
		E69633872C1BAEBB00769EFF /* PlayListManagerViewModel.swift in Sources */ = {isa = PBXBuildFile; fileRef = E69633862C1BAEBB00769EFF /* PlayListManagerViewModel.swift */; };
		E69633892C1BAF2A00769EFF /* PlayListView.swift in Sources */ = {isa = PBXBuildFile; fileRef = E69633882C1BAF2A00769EFF /* PlayListView.swift */; };
		E6EF70C12C21DFAE0018F219 /* ACarousel in Frameworks */ = {isa = PBXBuildFile; productRef = E6EF70C02C21DFAE0018F219 /* ACarousel */; };
		E6EF70C32C21DFEA0018F219 /* RadioCardView.swift in Sources */ = {isa = PBXBuildFile; fileRef = E6EF70C22C21DFEA0018F219 /* RadioCardView.swift */; };
		E6EF70C52C21E1000018F219 /* RadioPlayerView.swift in Sources */ = {isa = PBXBuildFile; fileRef = E6EF70C42C21E1000018F219 /* RadioPlayerView.swift */; };
		E6EF70D12C21FBEF0018F219 /* RadioPlayerViewModel.swift in Sources */ = {isa = PBXBuildFile; fileRef = E6EF70D02C21FBEF0018F219 /* RadioPlayerViewModel.swift */; };
		E6EF70D32C21FC020018F219 /* Card.swift in Sources */ = {isa = PBXBuildFile; fileRef = E6EF70D22C21FC020018F219 /* Card.swift */; };
/* End PBXBuildFile section */

/* Begin PBXFileReference section */
		E6071A3B2C1F886E00D69094 /* RadialGradientView.swift */ = {isa = PBXFileReference; lastKnownFileType = sourcecode.swift; path = RadialGradientView.swift; sourceTree = "<group>"; };
		E614E62B2C1F9A4500745493 /* YourTracksView.swift */ = {isa = PBXFileReference; lastKnownFileType = sourcecode.swift; path = YourTracksView.swift; sourceTree = "<group>"; };
		E614E62D2C1FBB6F00745493 /* RecentView.swift */ = {isa = PBXFileReference; lastKnownFileType = sourcecode.swift; path = RecentView.swift; sourceTree = "<group>"; };
		E614E62F2C20668200745493 /* TrackCellView.swift */ = {isa = PBXFileReference; lastKnownFileType = sourcecode.swift; path = TrackCellView.swift; sourceTree = "<group>"; };
		E614E6322C2071DA00745493 /* ImportFileManager.swift */ = {isa = PBXFileReference; lastKnownFileType = sourcecode.swift; path = ImportFileManager.swift; sourceTree = "<group>"; };
		E614E6372C2097D900745493 /* CustomizeNB + CustomizeTB.swift */ = {isa = PBXFileReference; lastKnownFileType = sourcecode.swift; path = "CustomizeNB + CustomizeTB.swift"; sourceTree = "<group>"; };
		E69633682C1B793900769EFF /* ZMusic.app */ = {isa = PBXFileReference; explicitFileType = wrapper.application; includeInIndex = 0; path = ZMusic.app; sourceTree = BUILT_PRODUCTS_DIR; };
		E696336B2C1B793900769EFF /* ZMusicApp.swift */ = {isa = PBXFileReference; lastKnownFileType = sourcecode.swift; path = ZMusicApp.swift; sourceTree = "<group>"; };
		E696336D2C1B793900769EFF /* ZMusicView.swift */ = {isa = PBXFileReference; lastKnownFileType = sourcecode.swift; path = ZMusicView.swift; sourceTree = "<group>"; };
		E696336F2C1B793B00769EFF /* Assets.xcassets */ = {isa = PBXFileReference; lastKnownFileType = folder.assetcatalog; path = Assets.xcassets; sourceTree = "<group>"; };
		E69633722C1B793B00769EFF /* Preview Assets.xcassets */ = {isa = PBXFileReference; lastKnownFileType = folder.assetcatalog; path = "Preview Assets.xcassets"; sourceTree = "<group>"; };
		E696337E2C1B7A0B00769EFF /* YourTracksViewModel.swift */ = {isa = PBXFileReference; lastKnownFileType = sourcecode.swift; path = YourTracksViewModel.swift; sourceTree = "<group>"; };
		E69633802C1B7A2800769EFF /* Track.swift */ = {isa = PBXFileReference; lastKnownFileType = sourcecode.swift; path = Track.swift; sourceTree = "<group>"; };
		E69633842C1BAE8600769EFF /* PlayList.swift */ = {isa = PBXFileReference; lastKnownFileType = sourcecode.swift; path = PlayList.swift; sourceTree = "<group>"; };
		E69633862C1BAEBB00769EFF /* PlayListManagerViewModel.swift */ = {isa = PBXFileReference; lastKnownFileType = sourcecode.swift; path = PlayListManagerViewModel.swift; sourceTree = "<group>"; };
		E69633882C1BAF2A00769EFF /* PlayListView.swift */ = {isa = PBXFileReference; lastKnownFileType = sourcecode.swift; path = PlayListView.swift; sourceTree = "<group>"; };
		E6EF70C22C21DFEA0018F219 /* RadioCardView.swift */ = {isa = PBXFileReference; lastKnownFileType = sourcecode.swift; path = RadioCardView.swift; sourceTree = "<group>"; };
		E6EF70C42C21E1000018F219 /* RadioPlayerView.swift */ = {isa = PBXFileReference; lastKnownFileType = sourcecode.swift; path = RadioPlayerView.swift; sourceTree = "<group>"; };
		E6EF70D02C21FBEF0018F219 /* RadioPlayerViewModel.swift */ = {isa = PBXFileReference; lastKnownFileType = sourcecode.swift; path = RadioPlayerViewModel.swift; sourceTree = "<group>"; };
		E6EF70D22C21FC020018F219 /* Card.swift */ = {isa = PBXFileReference; lastKnownFileType = sourcecode.swift; path = Card.swift; sourceTree = "<group>"; };
/* End PBXFileReference section */

/* Begin PBXFrameworksBuildPhase section */
		E69633652C1B793900769EFF /* Frameworks */ = {
			isa = PBXFrameworksBuildPhase;
			buildActionMask = 2147483647;
			files = (
				E6EF70C12C21DFAE0018F219 /* ACarousel in Frameworks */,
			);
			runOnlyForDeploymentPostprocessing = 0;
		};
/* End PBXFrameworksBuildPhase section */

/* Begin PBXGroup section */
		E6071A3A2C1F883B00D69094 /* Subviews */ = {
			isa = PBXGroup;
			children = (
				E6071A3B2C1F886E00D69094 /* RadialGradientView.swift */,
				E614E62F2C20668200745493 /* TrackCellView.swift */,
				E6EF70C22C21DFEA0018F219 /* RadioCardView.swift */,
			);
			path = Subviews;
			sourceTree = "<group>";
		};
		E614E6312C2071BD00745493 /* Helpers */ = {
			isa = PBXGroup;
			children = (
				E614E6322C2071DA00745493 /* ImportFileManager.swift */,
				E614E6372C2097D900745493 /* CustomizeNB + CustomizeTB.swift */,
			);
			path = Helpers;
			sourceTree = "<group>";
		};
		E696335F2C1B793900769EFF = {
			isa = PBXGroup;
			children = (
				E696336A2C1B793900769EFF /* ZMusic */,
				E69633692C1B793900769EFF /* Products */,
			);
			sourceTree = "<group>";
		};
		E69633692C1B793900769EFF /* Products */ = {
			isa = PBXGroup;
			children = (
				E69633682C1B793900769EFF /* ZMusic.app */,
			);
			name = Products;
			sourceTree = "<group>";
		};
		E696336A2C1B793900769EFF /* ZMusic */ = {
			isa = PBXGroup;
			children = (
				E69633792C1B794500769EFF /* Models */,
				E696337B2C1B795900769EFF /* Views */,
				E696337A2C1B794E00769EFF /* ViewModels */,
				E614E6312C2071BD00745493 /* Helpers */,
				E696337C2C1B796A00769EFF /* Resources */,
				E696337D2C1B797700769EFF /* App */,
				E69633712C1B793B00769EFF /* Preview Content */,
			);
			path = ZMusic;
			sourceTree = "<group>";
		};
		E69633712C1B793B00769EFF /* Preview Content */ = {
			isa = PBXGroup;
			children = (
				E69633722C1B793B00769EFF /* Preview Assets.xcassets */,
			);
			path = "Preview Content";
			sourceTree = "<group>";
		};
		E69633792C1B794500769EFF /* Models */ = {
			isa = PBXGroup;
			children = (
				E69633802C1B7A2800769EFF /* Track.swift */,
				E6EF70D22C21FC020018F219 /* Card.swift */,
				E69633842C1BAE8600769EFF /* PlayList.swift */,
			);
			path = Models;
			sourceTree = "<group>";
		};
		E696337A2C1B794E00769EFF /* ViewModels */ = {
			isa = PBXGroup;
			children = (
				E696337E2C1B7A0B00769EFF /* YourTracksViewModel.swift */,
				E6EF70D02C21FBEF0018F219 /* RadioPlayerViewModel.swift */,
				E69633862C1BAEBB00769EFF /* PlayListManagerViewModel.swift */,
			);
			path = ViewModels;
			sourceTree = "<group>";
		};
		E696337B2C1B795900769EFF /* Views */ = {
			isa = PBXGroup;
			children = (
				E696336D2C1B793900769EFF /* ZMusicView.swift */,
				E614E62B2C1F9A4500745493 /* YourTracksView.swift */,
				E6EF70C42C21E1000018F219 /* RadioPlayerView.swift */,
				E614E62D2C1FBB6F00745493 /* RecentView.swift */,
				E69633882C1BAF2A00769EFF /* PlayListView.swift */,
				E6071A3A2C1F883B00D69094 /* Subviews */,
			);
			path = Views;
			sourceTree = "<group>";
		};
		E696337C2C1B796A00769EFF /* Resources */ = {
			isa = PBXGroup;
			children = (
				E696336F2C1B793B00769EFF /* Assets.xcassets */,
			);
			path = Resources;
			sourceTree = "<group>";
		};
		E696337D2C1B797700769EFF /* App */ = {
			isa = PBXGroup;
			children = (
				E696336B2C1B793900769EFF /* ZMusicApp.swift */,
			);
			path = App;
			sourceTree = "<group>";
		};
/* End PBXGroup section */

/* Begin PBXNativeTarget section */
		E69633672C1B793900769EFF /* ZMusic */ = {
			isa = PBXNativeTarget;
			buildConfigurationList = E69633762C1B793B00769EFF /* Build configuration list for PBXNativeTarget "ZMusic" */;
			buildPhases = (
				E69633642C1B793900769EFF /* Sources */,
				E69633652C1B793900769EFF /* Frameworks */,
				E69633662C1B793900769EFF /* Resources */,
			);
			buildRules = (
			);
			dependencies = (
			);
			name = ZMusic;
			packageProductDependencies = (
				E6EF70C02C21DFAE0018F219 /* ACarousel */,
			);
			productName = ZMusic;
			productReference = E69633682C1B793900769EFF /* ZMusic.app */;
			productType = "com.apple.product-type.application";
		};
/* End PBXNativeTarget section */

/* Begin PBXProject section */
		E69633602C1B793900769EFF /* Project object */ = {
			isa = PBXProject;
			attributes = {
				BuildIndependentTargetsInParallel = 1;
				LastSwiftUpdateCheck = 1540;
				LastUpgradeCheck = 1540;
				TargetAttributes = {
					E69633672C1B793900769EFF = {
						CreatedOnToolsVersion = 15.4;
					};
				};
			};
			buildConfigurationList = E69633632C1B793900769EFF /* Build configuration list for PBXProject "ZMusic" */;
			compatibilityVersion = "Xcode 14.0";
			developmentRegion = en;
			hasScannedForEncodings = 0;
			knownRegions = (
				en,
				Base,
			);
			mainGroup = E696335F2C1B793900769EFF;
			packageReferences = (
				E6EF70BF2C21DFAE0018F219 /* XCRemoteSwiftPackageReference "ACarousel" */,
			);
			productRefGroup = E69633692C1B793900769EFF /* Products */;
			projectDirPath = "";
			projectRoot = "";
			targets = (
				E69633672C1B793900769EFF /* ZMusic */,
			);
		};
/* End PBXProject section */

/* Begin PBXResourcesBuildPhase section */
		E69633662C1B793900769EFF /* Resources */ = {
			isa = PBXResourcesBuildPhase;
			buildActionMask = 2147483647;
			files = (
				E69633732C1B793B00769EFF /* Preview Assets.xcassets in Resources */,
				E69633702C1B793B00769EFF /* Assets.xcassets in Resources */,
			);
			runOnlyForDeploymentPostprocessing = 0;
		};
/* End PBXResourcesBuildPhase section */

/* Begin PBXSourcesBuildPhase section */
		E69633642C1B793900769EFF /* Sources */ = {
			isa = PBXSourcesBuildPhase;
			buildActionMask = 2147483647;
			files = (
				E696336E2C1B793900769EFF /* ZMusicView.swift in Sources */,
				E69633852C1BAE8600769EFF /* PlayList.swift in Sources */,
				E696337F2C1B7A0B00769EFF /* YourTracksViewModel.swift in Sources */,
				E6EF70D12C21FBEF0018F219 /* RadioPlayerViewModel.swift in Sources */,
				E6EF70C32C21DFEA0018F219 /* RadioCardView.swift in Sources */,
				E614E6332C2071DA00745493 /* ImportFileManager.swift in Sources */,
				E69633812C1B7A2800769EFF /* Track.swift in Sources */,
				E614E62C2C1F9A4500745493 /* YourTracksView.swift in Sources */,
				E614E6302C20668200745493 /* TrackCellView.swift in Sources */,
				E6EF70C52C21E1000018F219 /* RadioPlayerView.swift in Sources */,
				E6071A3C2C1F886E00D69094 /* RadialGradientView.swift in Sources */,
				E614E62E2C1FBB6F00745493 /* RecentView.swift in Sources */,
				E69633872C1BAEBB00769EFF /* PlayListManagerViewModel.swift in Sources */,
				E696336C2C1B793900769EFF /* ZMusicApp.swift in Sources */,
				E614E6382C2097D900745493 /* CustomizeNB + CustomizeTB.swift in Sources */,
				E69633892C1BAF2A00769EFF /* PlayListView.swift in Sources */,
				E6EF70D32C21FC020018F219 /* Card.swift in Sources */,
			);
			runOnlyForDeploymentPostprocessing = 0;
		};
/* End PBXSourcesBuildPhase section */

/* Begin XCBuildConfiguration section */
		E69633742C1B793B00769EFF /* Debug */ = {
			isa = XCBuildConfiguration;
			buildSettings = {
				ALWAYS_SEARCH_USER_PATHS = NO;
				ASSETCATALOG_COMPILER_GENERATE_SWIFT_ASSET_SYMBOL_EXTENSIONS = YES;
				CLANG_ANALYZER_NONNULL = YES;
				CLANG_ANALYZER_NUMBER_OBJECT_CONVERSION = YES_AGGRESSIVE;
				CLANG_CXX_LANGUAGE_STANDARD = "gnu++20";
				CLANG_ENABLE_MODULES = YES;
				CLANG_ENABLE_OBJC_ARC = YES;
				CLANG_ENABLE_OBJC_WEAK = YES;
				CLANG_WARN_BLOCK_CAPTURE_AUTORELEASING = YES;
				CLANG_WARN_BOOL_CONVERSION = YES;
				CLANG_WARN_COMMA = YES;
				CLANG_WARN_CONSTANT_CONVERSION = YES;
				CLANG_WARN_DEPRECATED_OBJC_IMPLEMENTATIONS = YES;
				CLANG_WARN_DIRECT_OBJC_ISA_USAGE = YES_ERROR;
				CLANG_WARN_DOCUMENTATION_COMMENTS = YES;
				CLANG_WARN_EMPTY_BODY = YES;
				CLANG_WARN_ENUM_CONVERSION = YES;
				CLANG_WARN_INFINITE_RECURSION = YES;
				CLANG_WARN_INT_CONVERSION = YES;
				CLANG_WARN_NON_LITERAL_NULL_CONVERSION = YES;
				CLANG_WARN_OBJC_IMPLICIT_RETAIN_SELF = YES;
				CLANG_WARN_OBJC_LITERAL_CONVERSION = YES;
				CLANG_WARN_OBJC_ROOT_CLASS = YES_ERROR;
				CLANG_WARN_QUOTED_INCLUDE_IN_FRAMEWORK_HEADER = YES;
				CLANG_WARN_RANGE_LOOP_ANALYSIS = YES;
				CLANG_WARN_STRICT_PROTOTYPES = YES;
				CLANG_WARN_SUSPICIOUS_MOVE = YES;
				CLANG_WARN_UNGUARDED_AVAILABILITY = YES_AGGRESSIVE;
				CLANG_WARN_UNREACHABLE_CODE = YES;
				CLANG_WARN__DUPLICATE_METHOD_MATCH = YES;
				COPY_PHASE_STRIP = NO;
				DEBUG_INFORMATION_FORMAT = dwarf;
				ENABLE_STRICT_OBJC_MSGSEND = YES;
				ENABLE_TESTABILITY = YES;
				ENABLE_USER_SCRIPT_SANDBOXING = YES;
				GCC_C_LANGUAGE_STANDARD = gnu17;
				GCC_DYNAMIC_NO_PIC = NO;
				GCC_NO_COMMON_BLOCKS = YES;
				GCC_OPTIMIZATION_LEVEL = 0;
				GCC_PREPROCESSOR_DEFINITIONS = (
					"DEBUG=1",
					"$(inherited)",
				);
				GCC_WARN_64_TO_32_BIT_CONVERSION = YES;
				GCC_WARN_ABOUT_RETURN_TYPE = YES_ERROR;
				GCC_WARN_UNDECLARED_SELECTOR = YES;
				GCC_WARN_UNINITIALIZED_AUTOS = YES_AGGRESSIVE;
				GCC_WARN_UNUSED_FUNCTION = YES;
				GCC_WARN_UNUSED_VARIABLE = YES;
				IPHONEOS_DEPLOYMENT_TARGET = 17.5;
				LOCALIZATION_PREFERS_STRING_CATALOGS = YES;
				MTL_ENABLE_DEBUG_INFO = INCLUDE_SOURCE;
				MTL_FAST_MATH = YES;
				ONLY_ACTIVE_ARCH = YES;
				SDKROOT = iphoneos;
				SWIFT_ACTIVE_COMPILATION_CONDITIONS = "DEBUG $(inherited)";
				SWIFT_OPTIMIZATION_LEVEL = "-Onone";
			};
			name = Debug;
		};
		E69633752C1B793B00769EFF /* Release */ = {
			isa = XCBuildConfiguration;
			buildSettings = {
				ALWAYS_SEARCH_USER_PATHS = NO;
				ASSETCATALOG_COMPILER_GENERATE_SWIFT_ASSET_SYMBOL_EXTENSIONS = YES;
				CLANG_ANALYZER_NONNULL = YES;
				CLANG_ANALYZER_NUMBER_OBJECT_CONVERSION = YES_AGGRESSIVE;
				CLANG_CXX_LANGUAGE_STANDARD = "gnu++20";
				CLANG_ENABLE_MODULES = YES;
				CLANG_ENABLE_OBJC_ARC = YES;
				CLANG_ENABLE_OBJC_WEAK = YES;
				CLANG_WARN_BLOCK_CAPTURE_AUTORELEASING = YES;
				CLANG_WARN_BOOL_CONVERSION = YES;
				CLANG_WARN_COMMA = YES;
				CLANG_WARN_CONSTANT_CONVERSION = YES;
				CLANG_WARN_DEPRECATED_OBJC_IMPLEMENTATIONS = YES;
				CLANG_WARN_DIRECT_OBJC_ISA_USAGE = YES_ERROR;
				CLANG_WARN_DOCUMENTATION_COMMENTS = YES;
				CLANG_WARN_EMPTY_BODY = YES;
				CLANG_WARN_ENUM_CONVERSION = YES;
				CLANG_WARN_INFINITE_RECURSION = YES;
				CLANG_WARN_INT_CONVERSION = YES;
				CLANG_WARN_NON_LITERAL_NULL_CONVERSION = YES;
				CLANG_WARN_OBJC_IMPLICIT_RETAIN_SELF = YES;
				CLANG_WARN_OBJC_LITERAL_CONVERSION = YES;
				CLANG_WARN_OBJC_ROOT_CLASS = YES_ERROR;
				CLANG_WARN_QUOTED_INCLUDE_IN_FRAMEWORK_HEADER = YES;
				CLANG_WARN_RANGE_LOOP_ANALYSIS = YES;
				CLANG_WARN_STRICT_PROTOTYPES = YES;
				CLANG_WARN_SUSPICIOUS_MOVE = YES;
				CLANG_WARN_UNGUARDED_AVAILABILITY = YES_AGGRESSIVE;
				CLANG_WARN_UNREACHABLE_CODE = YES;
				CLANG_WARN__DUPLICATE_METHOD_MATCH = YES;
				COPY_PHASE_STRIP = NO;
				DEBUG_INFORMATION_FORMAT = "dwarf-with-dsym";
				ENABLE_NS_ASSERTIONS = NO;
				ENABLE_STRICT_OBJC_MSGSEND = YES;
				ENABLE_USER_SCRIPT_SANDBOXING = YES;
				GCC_C_LANGUAGE_STANDARD = gnu17;
				GCC_NO_COMMON_BLOCKS = YES;
				GCC_WARN_64_TO_32_BIT_CONVERSION = YES;
				GCC_WARN_ABOUT_RETURN_TYPE = YES_ERROR;
				GCC_WARN_UNDECLARED_SELECTOR = YES;
				GCC_WARN_UNINITIALIZED_AUTOS = YES_AGGRESSIVE;
				GCC_WARN_UNUSED_FUNCTION = YES;
				GCC_WARN_UNUSED_VARIABLE = YES;
				IPHONEOS_DEPLOYMENT_TARGET = 17.5;
				LOCALIZATION_PREFERS_STRING_CATALOGS = YES;
				MTL_ENABLE_DEBUG_INFO = NO;
				MTL_FAST_MATH = YES;
				SDKROOT = iphoneos;
				SWIFT_COMPILATION_MODE = wholemodule;
				VALIDATE_PRODUCT = YES;
			};
			name = Release;
		};
		E69633772C1B793B00769EFF /* Debug */ = {
			isa = XCBuildConfiguration;
			buildSettings = {
				ASSETCATALOG_COMPILER_APPICON_NAME = AppIcon;
				ASSETCATALOG_COMPILER_GLOBAL_ACCENT_COLOR_NAME = AccentColor;
				CODE_SIGN_STYLE = Automatic;
				CURRENT_PROJECT_VERSION = 1;
				DEVELOPMENT_ASSET_PATHS = "\"ZMusic/Preview Content\"";
				DEVELOPMENT_TEAM = DBJSA8X5KQ;
				ENABLE_PREVIEWS = YES;
				GENERATE_INFOPLIST_FILE = YES;
				INFOPLIST_KEY_UIApplicationSceneManifest_Generation = YES;
				INFOPLIST_KEY_UIApplicationSupportsIndirectInputEvents = YES;
				INFOPLIST_KEY_UILaunchScreen_Generation = YES;
				INFOPLIST_KEY_UISupportedInterfaceOrientations_iPad = "UIInterfaceOrientationPortrait UIInterfaceOrientationPortraitUpsideDown UIInterfaceOrientationLandscapeLeft UIInterfaceOrientationLandscapeRight";
				INFOPLIST_KEY_UISupportedInterfaceOrientations_iPhone = "UIInterfaceOrientationPortrait UIInterfaceOrientationLandscapeLeft UIInterfaceOrientationLandscapeRight";
				IPHONEOS_DEPLOYMENT_TARGET = 17.5;
				LD_RUNPATH_SEARCH_PATHS = (
					"$(inherited)",
					"@executable_path/Frameworks",
				);
				MARKETING_VERSION = 1.0;
				PRODUCT_BUNDLE_IDENTIFIER = iosApp.ZMusic;
				PRODUCT_NAME = "$(TARGET_NAME)";
				SWIFT_EMIT_LOC_STRINGS = YES;
				SWIFT_VERSION = 5.0;
				TARGETED_DEVICE_FAMILY = "1,2";
			};
			name = Debug;
		};
		E69633782C1B793B00769EFF /* Release */ = {
			isa = XCBuildConfiguration;
			buildSettings = {
				ASSETCATALOG_COMPILER_APPICON_NAME = AppIcon;
				ASSETCATALOG_COMPILER_GLOBAL_ACCENT_COLOR_NAME = AccentColor;
				CODE_SIGN_STYLE = Automatic;
				CURRENT_PROJECT_VERSION = 1;
				DEVELOPMENT_ASSET_PATHS = "\"ZMusic/Preview Content\"";
				DEVELOPMENT_TEAM = DBJSA8X5KQ;
				ENABLE_PREVIEWS = YES;
				GENERATE_INFOPLIST_FILE = YES;
				INFOPLIST_KEY_UIApplicationSceneManifest_Generation = YES;
				INFOPLIST_KEY_UIApplicationSupportsIndirectInputEvents = YES;
				INFOPLIST_KEY_UILaunchScreen_Generation = YES;
				INFOPLIST_KEY_UISupportedInterfaceOrientations_iPad = "UIInterfaceOrientationPortrait UIInterfaceOrientationPortraitUpsideDown UIInterfaceOrientationLandscapeLeft UIInterfaceOrientationLandscapeRight";
				INFOPLIST_KEY_UISupportedInterfaceOrientations_iPhone = "UIInterfaceOrientationPortrait UIInterfaceOrientationLandscapeLeft UIInterfaceOrientationLandscapeRight";
				IPHONEOS_DEPLOYMENT_TARGET = 17.5;
				LD_RUNPATH_SEARCH_PATHS = (
					"$(inherited)",
					"@executable_path/Frameworks",
				);
				MARKETING_VERSION = 1.0;
				PRODUCT_BUNDLE_IDENTIFIER = iosApp.ZMusic;
				PRODUCT_NAME = "$(TARGET_NAME)";
				SWIFT_EMIT_LOC_STRINGS = YES;
				SWIFT_VERSION = 5.0;
				TARGETED_DEVICE_FAMILY = "1,2";
			};
			name = Release;
		};
/* End XCBuildConfiguration section */

/* Begin XCConfigurationList section */
		E69633632C1B793900769EFF /* Build configuration list for PBXProject "ZMusic" */ = {
			isa = XCConfigurationList;
			buildConfigurations = (
				E69633742C1B793B00769EFF /* Debug */,
				E69633752C1B793B00769EFF /* Release */,
			);
			defaultConfigurationIsVisible = 0;
			defaultConfigurationName = Release;
		};
		E69633762C1B793B00769EFF /* Build configuration list for PBXNativeTarget "ZMusic" */ = {
			isa = XCConfigurationList;
			buildConfigurations = (
				E69633772C1B793B00769EFF /* Debug */,
				E69633782C1B793B00769EFF /* Release */,
			);
			defaultConfigurationIsVisible = 0;
			defaultConfigurationName = Release;
		};
/* End XCConfigurationList section */

/* Begin XCRemoteSwiftPackageReference section */
		E6EF70BF2C21DFAE0018F219 /* XCRemoteSwiftPackageReference "ACarousel" */ = {
			isa = XCRemoteSwiftPackageReference;
			repositoryURL = "https://github.com/JWAutumn/ACarousel.git";
			requirement = {
				kind = upToNextMajorVersion;
				minimumVersion = 0.2.0;
			};
		};
/* End XCRemoteSwiftPackageReference section */

/* Begin XCSwiftPackageProductDependency section */
		E6EF70C02C21DFAE0018F219 /* ACarousel */ = {
			isa = XCSwiftPackageProductDependency;
			package = E6EF70BF2C21DFAE0018F219 /* XCRemoteSwiftPackageReference "ACarousel" */;
			productName = ACarousel;
		};
/* End XCSwiftPackageProductDependency section */
	};
	rootObject = E69633602C1B793900769EFF /* Project object */;
}
